
Microsoft Visual Studio Solution File, Format Version 12.00
# Visual Studio Version 16
VisualStudioVersion = 16.0.30413.136
MinimumVisualStudioVersion = 10.0.40219.1
Project("{FAE04EC0-301F-11D3-BF4B-00C04F79EFBC}") = "GraphIterator", "GraphIterator.csproj", "{DAA89B96-ABB3-46C8-B77F-E2777541E4AE}"
EndProject
Global
	GlobalSection(SolutionConfigurationPlatforms) = preSolution
		Debug|Any CPU = Debug|Any CPU
		Release|Any CPU = Release|Any CPU
	EndGlobalSection
	GlobalSection(ProjectConfigurationPlatforms) = postSolution
		{DAA89B96-ABB3-46C8-B77F-E2777541E4AE}.Debug|Any CPU.ActiveCfg = Debug|Any CPU
		{DAA89B96-ABB3-46C8-B77F-E2777541E4AE}.Debug|Any CPU.Build.0 = Debug|Any CPU
		{DAA89B96-ABB3-46C8-B77F-E2777541E4AE}.Release|Any CPU.ActiveCfg = Release|Any CPU
		{DAA89B96-ABB3-46C8-B77F-E2777541E4AE}.Release|Any CPU.Build.0 = Release|Any CPU
	EndGlobalSection
	GlobalSection(SolutionProperties) = preSolution
		HideSolutionNode = FALSE
	EndGlobalSection
	GlobalSection(ExtensibilityGlobals) = postSolution
		SolutionGuid = {D1C49299-4D4D-43D4-ABF6-69CE0020AE8A}
	EndGlobalSection
EndGlobal
